
Microsoft Visual Studio Solution File, Format Version 12.00
# Visual Studio Version 16
VisualStudioVersion = 16.0.30114.105
MinimumVisualStudioVersion = 10.0.40219.1
Project("{2150E333-8FDC-42A3-9474-1A3956D46DE8}") = "src", "src", "{D6C7255A-33BA-4F86-9212-6D2F7CEBF52D}"
EndProject
Project("{FAE04EC0-301F-11D3-BF4B-00C04F79EFBC}") = "SmallsOnline.Blazor.Components", "src\SmallsOnline.Blazor.Components\SmallsOnline.Blazor.Components.csproj", "{ED822D4F-E7ED-4232-9808-9FF124B6AC05}"
EndProject
Project("{FAE04EC0-301F-11D3-BF4B-00C04F79EFBC}") = "SmallsOnline.Blazor.Components.Test", "src\SmallsOnline.Blazor.Components.Test\SmallsOnline.Blazor.Components.Test.csproj", "{D1EC8C72-2F8A-4262-9764-0D68F79F12DB}"
EndProject
Global
	GlobalSection(SolutionConfigurationPlatforms) = preSolution
		Debug|Any CPU = Debug|Any CPU
		Release|Any CPU = Release|Any CPU
	EndGlobalSection
	GlobalSection(SolutionProperties) = preSolution
		HideSolutionNode = FALSE
	EndGlobalSection
	GlobalSection(ProjectConfigurationPlatforms) = postSolution
		{ED822D4F-E7ED-4232-9808-9FF124B6AC05}.Debug|Any CPU.ActiveCfg = Debug|Any CPU
		{ED822D4F-E7ED-4232-9808-9FF124B6AC05}.Debug|Any CPU.Build.0 = Debug|Any CPU
		{ED822D4F-E7ED-4232-9808-9FF124B6AC05}.Release|Any CPU.ActiveCfg = Release|Any CPU
		{ED822D4F-E7ED-4232-9808-9FF124B6AC05}.Release|Any CPU.Build.0 = Release|Any CPU
		{D1EC8C72-2F8A-4262-9764-0D68F79F12DB}.Debug|Any CPU.ActiveCfg = Debug|Any CPU
		{D1EC8C72-2F8A-4262-9764-0D68F79F12DB}.Debug|Any CPU.Build.0 = Debug|Any CPU
		{D1EC8C72-2F8A-4262-9764-0D68F79F12DB}.Release|Any CPU.ActiveCfg = Release|Any CPU
		{D1EC8C72-2F8A-4262-9764-0D68F79F12DB}.Release|Any CPU.Build.0 = Release|Any CPU
	EndGlobalSection
	GlobalSection(NestedProjects) = preSolution
		{ED822D4F-E7ED-4232-9808-9FF124B6AC05} = {D6C7255A-33BA-4F86-9212-6D2F7CEBF52D}
		{D1EC8C72-2F8A-4262-9764-0D68F79F12DB} = {D6C7255A-33BA-4F86-9212-6D2F7CEBF52D}
	EndGlobalSection
EndGlobal
